
Microsoft Visual Studio Solution File, Format Version 12.00
# Visual Studio 15
VisualStudioVersion = 15.0.27428.1
MinimumVisualStudioVersion = 10.0.40219.1
Project("{FAE04EC0-301F-11D3-BF4B-00C04F79EFBC}") = "myVendingMachineProject", "myVendingMachineProject\myVendingMachineProject.csproj", "{5561E134-8C46-4903-867C-C2CB393F5FF7}"
EndProject
Global
	GlobalSection(SolutionConfigurationPlatforms) = preSolution
		Debug|Any CPU = Debug|Any CPU
		Release|Any CPU = Release|Any CPU
	EndGlobalSection
	GlobalSection(ProjectConfigurationPlatforms) = postSolution
		{5561E134-8C46-4903-867C-C2CB393F5FF7}.Debug|Any CPU.ActiveCfg = Debug|Any CPU
		{5561E134-8C46-4903-867C-C2CB393F5FF7}.Debug|Any CPU.Build.0 = Debug|Any CPU
		{5561E134-8C46-4903-867C-C2CB393F5FF7}.Release|Any CPU.ActiveCfg = Release|Any CPU
		{5561E134-8C46-4903-867C-C2CB393F5FF7}.Release|Any CPU.Build.0 = Release|Any CPU
	EndGlobalSection
	GlobalSection(SolutionProperties) = preSolution
		HideSolutionNode = FALSE
	EndGlobalSection
	GlobalSection(ExtensibilityGlobals) = postSolution
		SolutionGuid = {AE21D363-0A8E-4309-B8C0-20C0324CDC91}
	EndGlobalSection
EndGlobal
